
Microsoft Visual Studio Solution File, Format Version 10.00
# Visual Studio 2008
Project("{2150E333-8FDC-42A3-9474-1A3956D46DE8}") = "src", "src", "{80497E36-C653-4751-BB72-A99F5592FCB3}"
EndProject
Project("{FAE04EC0-301F-11D3-BF4B-00C04F79EFBC}") = "Net.SF.StyleCopCmd.Console", "src\Net.SF.StyleCopCmd.Console\Net.SF.StyleCopCmd.Console.csproj", "{A0DF8DAE-90FD-4734-B0D2-AD58BA960660}"
EndProject
Project("{FAE04EC0-301F-11D3-BF4B-00C04F79EFBC}") = "Net.SF.StyleCopCmd.Core", "src\Net.SF.StyleCopCmd.Core\Net.SF.StyleCopCmd.Core.csproj", "{47294B06-DCA7-4E6A-9A40-5DB5291E4E3B}"
EndProject
Project("{2150E333-8FDC-42A3-9474-1A3956D46DE8}") = "test", "test", "{8CCE940E-F413-45F0-9B70-6294E1CE8B1D}"
EndProject
Project("{FAE04EC0-301F-11D3-BF4B-00C04F79EFBC}") = "Net.SF.StyleCopCmd.Core.Test", "test\Net.SF.StyleCopCmd.Core.Test\Net.SF.StyleCopCmd.Core.Test.csproj", "{E724C203-AFFE-4F4B-9A56-3B7AE32F1525}"
EndProject
Project("{2150E333-8FDC-42A3-9474-1A3956D46DE8}") = "conf", "conf", "{CD8ABB1C-EDEF-481F-8A6C-097DBDC74707}"
	ProjectSection(SolutionItems) = preProject
		conf\build.num = conf\build.num
		conf\default.properties = conf\default.properties
		conf\doxyfile.template = conf\doxyfile.template
		conf\local.properties = conf\local.properties
		conf\ndependproject.template.xml = conf\ndependproject.template.xml
		conf\release-sftp-batch.template.txt = conf\release-sftp-batch.template.txt
	EndProjectSection
EndProject
Project("{2150E333-8FDC-42A3-9474-1A3956D46DE8}") = "Solution Items", "Solution Items", "{1DB8E48F-9D0A-4264-9591-251463AA4027}"
	ProjectSection(SolutionItems) = preProject
		build.bat = build.bat
		LICENSE.txt = LICENSE.txt
		nant.bat = nant.bat
		nant.build = nant.build
		nant.functions = nant.functions
		nant.targets = nant.targets
		nant.tasks = nant.tasks
		README.txt = README.txt
	EndProjectSection
EndProject
Project("{2150E333-8FDC-42A3-9474-1A3956D46DE8}") = "inc", "inc", "{6E57D181-C7C7-450A-BEDC-588B43777A50}"
	ProjectSection(SolutionItems) = preProject
		inc\StyleCopReport.xsl = inc\StyleCopReport.xsl
	EndProjectSection
EndProject
Project("{9344bdbb-3e7f-41fc-a0dd-8665d75ee146}") = "MonoStyleCopCmd", "MonoStyleCopCmd\MonoStyleCopCmd.mdproj", "{D01AFC23-9BCE-455C-8F23-FBBB50507A31}"
EndProject
Global
	GlobalSection(SolutionConfigurationPlatforms) = preSolution
		Debug|Any CPU = Debug|Any CPU
		Release|Any CPU = Release|Any CPU
	EndGlobalSection
	GlobalSection(ProjectConfigurationPlatforms) = postSolution
		{47294B06-DCA7-4E6A-9A40-5DB5291E4E3B}.Debug|Any CPU.ActiveCfg = Debug|Any CPU
		{47294B06-DCA7-4E6A-9A40-5DB5291E4E3B}.Debug|Any CPU.Build.0 = Debug|Any CPU
		{47294B06-DCA7-4E6A-9A40-5DB5291E4E3B}.Release|Any CPU.ActiveCfg = Release|Any CPU
		{47294B06-DCA7-4E6A-9A40-5DB5291E4E3B}.Release|Any CPU.Build.0 = Release|Any CPU
		{A0DF8DAE-90FD-4734-B0D2-AD58BA960660}.Debug|Any CPU.ActiveCfg = Debug|Any CPU
		{A0DF8DAE-90FD-4734-B0D2-AD58BA960660}.Debug|Any CPU.Build.0 = Debug|Any CPU
		{A0DF8DAE-90FD-4734-B0D2-AD58BA960660}.Release|Any CPU.ActiveCfg = Release|Any CPU
		{A0DF8DAE-90FD-4734-B0D2-AD58BA960660}.Release|Any CPU.Build.0 = Release|Any CPU
		{D01AFC23-9BCE-455C-8F23-FBBB50507A31}.Debug|Any CPU.ActiveCfg = Debug|Any CPU
		{D01AFC23-9BCE-455C-8F23-FBBB50507A31}.Release|Any CPU.ActiveCfg = Release|Any CPU
		{E724C203-AFFE-4F4B-9A56-3B7AE32F1525}.Debug|Any CPU.ActiveCfg = Debug|Any CPU
		{E724C203-AFFE-4F4B-9A56-3B7AE32F1525}.Debug|Any CPU.Build.0 = Debug|Any CPU
		{E724C203-AFFE-4F4B-9A56-3B7AE32F1525}.Release|Any CPU.ActiveCfg = Release|Any CPU
		{E724C203-AFFE-4F4B-9A56-3B7AE32F1525}.Release|Any CPU.Build.0 = Release|Any CPU
	EndGlobalSection
	GlobalSection(NestedProjects) = preSolution
		{A0DF8DAE-90FD-4734-B0D2-AD58BA960660} = {80497E36-C653-4751-BB72-A99F5592FCB3}
		{47294B06-DCA7-4E6A-9A40-5DB5291E4E3B} = {80497E36-C653-4751-BB72-A99F5592FCB3}
		{E724C203-AFFE-4F4B-9A56-3B7AE32F1525} = {8CCE940E-F413-45F0-9B70-6294E1CE8B1D}
	EndGlobalSection
	GlobalSection(MonoDevelopProperties) = preSolution
		StartupItem = src\Net.SF.StyleCopCmd.Console\Net.SF.StyleCopCmd.Console.csproj
	EndGlobalSection
	GlobalSection(SolutionProperties) = preSolution
		HideSolutionNode = FALSE
	EndGlobalSection
EndGlobal
